
Microsoft Visual Studio Solution File, Format Version 12.00
# Visual Studio 15
VisualStudioVersion = 15.0.28307.421
MinimumVisualStudioVersion = 10.0.40219.1
Project("{FAE04EC0-301F-11D3-BF4B-00C04F79EFBC}") = "RPSLS", "RPSLS\RPSLS.csproj", "{C289D329-C739-42E3-80AD-8E90FB7AA768}"
EndProject
Global
	GlobalSection(SolutionConfigurationPlatforms) = preSolution
		Debug|Any CPU = Debug|Any CPU
		Release|Any CPU = Release|Any CPU
	EndGlobalSection
	GlobalSection(ProjectConfigurationPlatforms) = postSolution
		{C289D329-C739-42E3-80AD-8E90FB7AA768}.Debug|Any CPU.ActiveCfg = Debug|Any CPU
		{C289D329-C739-42E3-80AD-8E90FB7AA768}.Debug|Any CPU.Build.0 = Debug|Any CPU
		{C289D329-C739-42E3-80AD-8E90FB7AA768}.Release|Any CPU.ActiveCfg = Release|Any CPU
		{C289D329-C739-42E3-80AD-8E90FB7AA768}.Release|Any CPU.Build.0 = Release|Any CPU
	EndGlobalSection
	GlobalSection(SolutionProperties) = preSolution
		HideSolutionNode = FALSE
	EndGlobalSection
	GlobalSection(ExtensibilityGlobals) = postSolution
		SolutionGuid = {89091C43-6233-420C-B34C-62A228BCC302}
	EndGlobalSection
EndGlobal
